
Microsoft Visual Studio Solution File, Format Version 12.00
# Visual Studio Version 16
VisualStudioVersion = 16.0.29306.81
MinimumVisualStudioVersion = 10.0.40219.1
Project("{9A19103F-16F7-4668-BE54-9A1E7A4F7556}") = "Employees.Services", "Employees.Services\Employees.Services.csproj", "{0200C61C-8304-48DF-9E0D-78F852F05EFD}"
EndProject
Project("{9A19103F-16F7-4668-BE54-9A1E7A4F7556}") = "Employees.Models", "Employees.Models\Employees.Models.csproj", "{104214D3-2891-4F5B-9FED-84992083FD43}"
EndProject
Project("{FAE04EC0-301F-11D3-BF4B-00C04F79EFBC}") = "Employees.Tests.UnitTests", "Employees.Tests.UnitTests\Employees.Tests.UnitTests.csproj", "{5EA327BD-931E-4A93-A9C7-45FF92B02E61}"
EndProject
Global
	GlobalSection(SolutionConfigurationPlatforms) = preSolution
		Debug|Any CPU = Debug|Any CPU
		Release|Any CPU = Release|Any CPU
	EndGlobalSection
	GlobalSection(ProjectConfigurationPlatforms) = postSolution
		{0200C61C-8304-48DF-9E0D-78F852F05EFD}.Debug|Any CPU.ActiveCfg = Debug|Any CPU
		{0200C61C-8304-48DF-9E0D-78F852F05EFD}.Debug|Any CPU.Build.0 = Debug|Any CPU
		{0200C61C-8304-48DF-9E0D-78F852F05EFD}.Release|Any CPU.ActiveCfg = Release|Any CPU
		{0200C61C-8304-48DF-9E0D-78F852F05EFD}.Release|Any CPU.Build.0 = Release|Any CPU
		{104214D3-2891-4F5B-9FED-84992083FD43}.Debug|Any CPU.ActiveCfg = Debug|Any CPU
		{104214D3-2891-4F5B-9FED-84992083FD43}.Debug|Any CPU.Build.0 = Debug|Any CPU
		{104214D3-2891-4F5B-9FED-84992083FD43}.Release|Any CPU.ActiveCfg = Release|Any CPU
		{104214D3-2891-4F5B-9FED-84992083FD43}.Release|Any CPU.Build.0 = Release|Any CPU
		{5EA327BD-931E-4A93-A9C7-45FF92B02E61}.Debug|Any CPU.ActiveCfg = Debug|Any CPU
		{5EA327BD-931E-4A93-A9C7-45FF92B02E61}.Debug|Any CPU.Build.0 = Debug|Any CPU
		{5EA327BD-931E-4A93-A9C7-45FF92B02E61}.Release|Any CPU.ActiveCfg = Release|Any CPU
		{5EA327BD-931E-4A93-A9C7-45FF92B02E61}.Release|Any CPU.Build.0 = Release|Any CPU
	EndGlobalSection
	GlobalSection(SolutionProperties) = preSolution
		HideSolutionNode = FALSE
	EndGlobalSection
	GlobalSection(ExtensibilityGlobals) = postSolution
		SolutionGuid = {CD73C81F-6807-4FF3-AF10-A2CB30D0A9A5}
	EndGlobalSection
EndGlobal
